Microsoft Visual Studio Solution File, Format Version 12.00
# Visual Studio Version 17
VisualStudioVersion = 17.12.35707.178 d17.12
MinimumVisualStudioVersion = 16.0.0.0
Project("{9A19103F-16F7-4668-BE54-9A1E7A4F7556}") = "MudBlazer2", "MudBlazer2\MudBlazer2.csproj", "{5DAF2BCA-E0E5-4B9A-BCCD-892D38303910}"
EndProject
Project("{9A19103F-16F7-4668-BE54-9A1E7A4F7556}") = "MudBlazer2.Client", "MudBlazer2.Client\MudBlazer2.Client.csproj", "{0E0BEDF4-F29B-4A0B-9F7A-31E0C1CDB4EA}"
EndProject
Global
	GlobalSection(SolutionConfigurationPlatforms) = preSolution
		Debug|Any CPU = Debug|Any CPU
		Debug|x64 = Debug|x64
		Debug|x86 = Debug|x86
		Release|Any CPU = Release|Any CPU
		Release|x64 = Release|x64
		Release|x86 = Release|x86
	EndGlobalSection
	GlobalSection(ProjectConfigurationPlatforms) = postSolution
		{5DAF2BCA-E0E5-4B9A-BCCD-892D38303910}.Debug|Any CPU.ActiveCfg = Debug|Any CPU
		{5DAF2BCA-E0E5-4B9A-BCCD-892D38303910}.Debug|Any CPU.Build.0 = Debug|Any CPU
		{5DAF2BCA-E0E5-4B9A-BCCD-892D38303910}.Debug|x64.ActiveCfg = Debug|Any CPU
		{5DAF2BCA-E0E5-4B9A-BCCD-892D38303910}.Debug|x64.Build.0 = Debug|Any CPU
		{5DAF2BCA-E0E5-4B9A-BCCD-892D38303910}.Debug|x86.ActiveCfg = Debug|Any CPU
		{5DAF2BCA-E0E5-4B9A-BCCD-892D38303910}.Debug|x86.Build.0 = Debug|Any CPU
		{5DAF2BCA-E0E5-4B9A-BCCD-892D38303910}.Release|Any CPU.ActiveCfg = Release|Any CPU
		{5DAF2BCA-E0E5-4B9A-BCCD-892D38303910}.Release|Any CPU.Build.0 = Release|Any CPU
		{5DAF2BCA-E0E5-4B9A-BCCD-892D38303910}.Release|x64.ActiveCfg = Release|Any CPU
		{5DAF2BCA-E0E5-4B9A-BCCD-892D38303910}.Release|x64.Build.0 = Release|Any CPU
		{5DAF2BCA-E0E5-4B9A-BCCD-892D38303910}.Release|x86.ActiveCfg = Release|Any CPU
		{5DAF2BCA-E0E5-4B9A-BCCD-892D38303910}.Release|x86.Build.0 = Release|Any CPU
		{0E0BEDF4-F29B-4A0B-9F7A-31E0C1CDB4EA}.Debug|Any CPU.ActiveCfg = Debug|Any CPU
		{0E0BEDF4-F29B-4A0B-9F7A-31E0C1CDB4EA}.Debug|Any CPU.Build.0 = Debug|Any CPU
		{0E0BEDF4-F29B-4A0B-9F7A-31E0C1CDB4EA}.Debug|x64.ActiveCfg = Debug|Any CPU
		{0E0BEDF4-F29B-4A0B-9F7A-31E0C1CDB4EA}.Debug|x64.Build.0 = Debug|Any CPU
		{0E0BEDF4-F29B-4A0B-9F7A-31E0C1CDB4EA}.Debug|x86.ActiveCfg = Debug|Any CPU
		{0E0BEDF4-F29B-4A0B-9F7A-31E0C1CDB4EA}.Debug|x86.Build.0 = Debug|Any CPU
		{0E0BEDF4-F29B-4A0B-9F7A-31E0C1CDB4EA}.Release|Any CPU.ActiveCfg = Release|Any CPU
		{0E0BEDF4-F29B-4A0B-9F7A-31E0C1CDB4EA}.Release|Any CPU.Build.0 = Release|Any CPU
		{0E0BEDF4-F29B-4A0B-9F7A-31E0C1CDB4EA}.Release|x64.ActiveCfg = Release|Any CPU
		{0E0BEDF4-F29B-4A0B-9F7A-31E0C1CDB4EA}.Release|x64.Build.0 = Release|Any CPU
		{0E0BEDF4-F29B-4A0B-9F7A-31E0C1CDB4EA}.Release|x86.ActiveCfg = Release|Any CPU
		{0E0BEDF4-F29B-4A0B-9F7A-31E0C1CDB4EA}.Release|x86.Build.0 = Release|Any CPU
	EndGlobalSection
	GlobalSection(SolutionProperties) = preSolution
		HideSolutionNode = FALSE
	EndGlobalSection
	GlobalSection(ExtensibilityGlobals) = postSolution
		SolutionGuid = {D5C2B965-0F64-405A-84F6-0B7F4FFFA407}
	EndGlobalSection
EndGlobal
